
Microsoft Visual Studio Solution File, Format Version 12.00
# Visual Studio Version 17
VisualStudioVersion = 17.3.32825.248
MinimumVisualStudioVersion = 10.0.40219.1
Project("{9A19103F-16F7-4668-BE54-9A1E7A4F7556}") = "proyecto3Back", "proyecto2Back\proyecto3Back.csproj", "{11F7A72D-AFED-4B6B-B34B-CE56917F1E15}"
EndProject
Global
	GlobalSection(SolutionConfigurationPlatforms) = preSolution
		Debug|Any CPU = Debug|Any CPU
		Release|Any CPU = Release|Any CPU
	EndGlobalSection
	GlobalSection(ProjectConfigurationPlatforms) = postSolution
		{11F7A72D-AFED-4B6B-B34B-CE56917F1E15}.Debug|Any CPU.ActiveCfg = Debug|Any CPU
		{11F7A72D-AFED-4B6B-B34B-CE56917F1E15}.Debug|Any CPU.Build.0 = Debug|Any CPU
		{11F7A72D-AFED-4B6B-B34B-CE56917F1E15}.Release|Any CPU.ActiveCfg = Release|Any CPU
		{11F7A72D-AFED-4B6B-B34B-CE56917F1E15}.Release|Any CPU.Build.0 = Release|Any CPU
	EndGlobalSection
	GlobalSection(SolutionProperties) = preSolution
		HideSolutionNode = FALSE
	EndGlobalSection
	GlobalSection(ExtensibilityGlobals) = postSolution
		SolutionGuid = {F76955A9-7102-4972-9776-4CE3ED715E1E}
	EndGlobalSection
EndGlobal
